# This file is autogenerated, do not edit; changes may be undone by the next 'dep ensure'.


[[projects]]
  name = "github.com/dgrijalva/jwt-go"
  packages = ["."]
  revision = "06ea1031745cb8b3dab3f6a236daf2b0aa468b7e"
  version = "v3.2.0"

[[projects]]
  name = "github.com/satori/go.uuid"
  packages = ["."]
  revision = "f58768cc1a7a7e77a3bd49e98cdd21419399b6a3"
  version = "v1.2.0"

[[projects]]
  name = "github.com/uber/jaeger-client-go"
  packages = [
    "thrift",
    "thrift-gen/jaeger"
  ]
  revision = "b043381d944715b469fd6b37addfd30145ca1758"
  version = "v2.14.0"

[[projects]]
  name = "go.aporeto.io/elemental"
  packages = ["."]
  revision = "a26d680f18fd0a2da7877349c6b735b450dc4abd"
  version = "v4.2.0"

[[projects]]
  name = "go.aporeto.io/gaia"
  packages = [
    "v1/golang/constants",
    "v1/golang/types"
  ]
  revision = "c9b4dab977919936477169f5cc7c41aaf528c19d"
  version = "v11.3.0"

[[projects]]
  name = "go.aporeto.io/midgard-lib"
  packages = ["claims"]
  revision = "c0fcb506a1e45eb1e233abe8741248eaeff66724"
  version = "v7.5.0"

[solve-meta]
  analyzer-name = "dep"
  analyzer-version = 1
  inputs-digest = "f2a347530959c9a7c5ee1bf7c8a8b7ee74dec5ba3b209edf728aedf78beeabb9"
  solver-name = "gps-cdcl"
  solver-version = 1
