# This file is autogenerated, do not edit; changes may be undone by the next 'dep ensure'.


[[projects]]
  branch = "master"
  digest = "1:90d593cd34221cf33017a2c944998eb29f5182a15cfbe0cf6e2a0f62cb8bbf29"
  name = "github.com/araddon/dateparse"
  packages = ["."]
  pruneopts = "UT"
  revision = "cfd92a431d0efe36a1b81ca25d15b98aae4dbdb6"

[[projects]]
  digest = "1:76dc72490af7174349349838f2fe118996381b31ea83243812a97e5a0fd5ed55"
  name = "github.com/dgrijalva/jwt-go"
  packages = ["."]
  pruneopts = "UT"
  revision = "06ea1031745cb8b3dab3f6a236daf2b0aa468b7e"
  version = "v3.2.0"

[[projects]]
  digest = "1:274f67cb6fed9588ea2521ecdac05a6d62a8c51c074c1fccc6a49a40ba80e925"
  name = "github.com/satori/go.uuid"
  packages = ["."]
  pruneopts = "UT"
  revision = "f58768cc1a7a7e77a3bd49e98cdd21419399b6a3"
  version = "v1.2.0"

[[projects]]
  digest = "1:6d7378779bde6e35866d2cdef72d26bc1316b4cdb9c2ad738da1b1e66957a169"
  name = "github.com/uber/jaeger-client-go"
  packages = [
    "thrift",
    "thrift-gen/jaeger",
  ]
  pruneopts = "UT"
  revision = "b043381d944715b469fd6b37addfd30145ca1758"
  version = "v2.14.0"

[[projects]]
  digest = "1:382e2cfc3390f033bb1b15b457276afe4797516c7abb47a05b8ca9111f9a8ea0"
  name = "go.aporeto.io/elemental"
  packages = ["."]
  pruneopts = "UT"
  revision = "a2628cd8cb574a9e5714b1eba527bce79a025402"
  version = "v5.22.0"

[[projects]]
  digest = "1:6b38a4eaa51f44a15314c733d33f7c70ec0d36ce121348ea9bf1d291db658ca0"
  name = "go.aporeto.io/gaia"
  packages = [
    "constants",
    "protocols",
    "types",
  ]
  pruneopts = "UT"
  revision = "353662b4f7b8f9551a7d03aa47489fad6facbd45"
  version = "v14.54.0"

[[projects]]
  digest = "1:75f9bda495f955022de6d0008db09bd40f4e8536d122cc3872b738d396385a4f"
  name = "go.aporeto.io/midgard-lib"
  packages = ["claims"]
  pruneopts = "UT"
  revision = "0b8e3af41dea4e56f2e3bef19937b80b57707aae"
  version = "v8.14.0"

[solve-meta]
  analyzer-name = "dep"
  analyzer-version = 1
  input-imports = [
    "github.com/uber/jaeger-client-go/thrift-gen/jaeger",
    "go.aporeto.io/elemental",
    "go.aporeto.io/gaia/constants",
    "go.aporeto.io/gaia/protocols",
    "go.aporeto.io/gaia/types",
    "go.aporeto.io/midgard-lib/claims",
  ]
  solver-name = "gps-cdcl"
  solver-version = 1
